
Microsoft Visual Studio Solution File, Format Version 12.00
# Visual Studio Version 17
VisualStudioVersion = 17.0.31521.260
MinimumVisualStudioVersion = 10.0.40219.1
Project("{FAE04EC0-301F-11D3-BF4B-00C04F79EFBC}") = "GraphQLProject", "GraphQLProject.csproj", "{02E7B6AA-0AD0-435F-89F1-28C6CD28DE5E}"
EndProject
Global
	GlobalSection(SolutionConfigurationPlatforms) = preSolution
		Debug|Any CPU = Debug|Any CPU
		Release|Any CPU = Release|Any CPU
	EndGlobalSection
	GlobalSection(ProjectConfigurationPlatforms) = postSolution
		{02E7B6AA-0AD0-435F-89F1-28C6CD28DE5E}.Debug|Any CPU.ActiveCfg = Debug|Any CPU
		{02E7B6AA-0AD0-435F-89F1-28C6CD28DE5E}.Debug|Any CPU.Build.0 = Debug|Any CPU
		{02E7B6AA-0AD0-435F-89F1-28C6CD28DE5E}.Release|Any CPU.ActiveCfg = Release|Any CPU
		{02E7B6AA-0AD0-435F-89F1-28C6CD28DE5E}.Release|Any CPU.Build.0 = Release|Any CPU
	EndGlobalSection
	GlobalSection(SolutionProperties) = preSolution
		HideSolutionNode = FALSE
	EndGlobalSection
	GlobalSection(ExtensibilityGlobals) = postSolution
		SolutionGuid = {1BFC9B1C-DD7E-4906-9A38-645E9324D5B0}
	EndGlobalSection
EndGlobal
